
Microsoft Visual Studio Solution File, Format Version 12.00
# Visual Studio Version 17
VisualStudioVersion = 17.14.36414.22 d17.14
MinimumVisualStudioVersion = 10.0.40219.1
Project("{FAE04EC0-301F-11D3-BF4B-00C04F79EFBC}") = "TaskManagementSystem", "TaskManagementSystem\TaskManagementSystem.csproj", "{E9340F2C-9210-4C9A-8F1C-30E4C9F6FCE1}"
EndProject
Global
	GlobalSection(SolutionConfigurationPlatforms) = preSolution
		Debug|Any CPU = Debug|Any CPU
		Release|Any CPU = Release|Any CPU
	EndGlobalSection
	GlobalSection(ProjectConfigurationPlatforms) = postSolution
		{E9340F2C-9210-4C9A-8F1C-30E4C9F6FCE1}.Debug|Any CPU.ActiveCfg = Debug|Any CPU
		{E9340F2C-9210-4C9A-8F1C-30E4C9F6FCE1}.Debug|Any CPU.Build.0 = Debug|Any CPU
		{E9340F2C-9210-4C9A-8F1C-30E4C9F6FCE1}.Release|Any CPU.ActiveCfg = Release|Any CPU
		{E9340F2C-9210-4C9A-8F1C-30E4C9F6FCE1}.Release|Any CPU.Build.0 = Release|Any CPU
	EndGlobalSection
	GlobalSection(SolutionProperties) = preSolution
		HideSolutionNode = FALSE
	EndGlobalSection
	GlobalSection(ExtensibilityGlobals) = postSolution
		SolutionGuid = {86D1DD1E-AB90-4B5A-8681-F54A08B073E9}
	EndGlobalSection
EndGlobal
